# generated by rye
# use `rye lock` or `rye sync` to update this lockfile
#
# last locked with the following flags:
#   pre: false
#   features: []
#   all-features: false
#   with-sources: false
#   generate-hashes: false
#   universal: false

-e file:.
altair==5.5.0
    # via streamlit
attrs==24.2.0
    # via jsonschema
    # via referencing
blinker==1.9.0
    # via streamlit
cachetools==5.5.0
    # via streamlit
certifi==2024.8.30
    # via requests
charset-normalizer==3.4.0
    # via requests
click==8.1.7
    # via streamlit
gitdb==4.0.11
    # via gitpython
gitpython==3.1.43
    # via streamlit
idna==3.10
    # via requests
jinja2==3.1.4
    # via altair
    # via pydeck
jsonschema==4.23.0
    # via altair
jsonschema-specifications==2024.10.1
    # via jsonschema
markdown-it-py==3.0.0
    # via rich
markupsafe==3.0.2
    # via jinja2
mdurl==0.1.2
    # via markdown-it-py
mypy==1.13.0
    # via substring-word-finder
mypy-extensions==1.0.0
    # via mypy
narwhals==1.16.0
    # via altair
numpy==2.2.0
    # via pandas
    # via pydeck
    # via streamlit
packaging==24.2
    # via altair
    # via streamlit
pandas==2.2.3
    # via streamlit
pillow==11.0.0
    # via streamlit
protobuf==5.29.1
    # via streamlit
pyarrow==18.1.0
    # via streamlit
pydeck==0.9.1
    # via streamlit
pygments==2.18.0
    # via rich
python-dateutil==2.9.0.post0
    # via pandas
python-dotenv==1.0.1
    # via substring-word-finder
pytz==2024.2
    # via pandas
referencing==0.35.1
    # via jsonschema
    # via jsonschema-specifications
requests==2.32.3
    # via streamlit
rich==13.9.4
    # via streamlit
rpds-py==0.22.3
    # via jsonschema
    # via referencing
six==1.17.0
    # via python-dateutil
smmap==5.0.1
    # via gitdb
streamlit==1.40.2
    # via substring-word-finder
tenacity==9.0.0
    # via streamlit
toml==0.10.2
    # via streamlit
tornado==6.4.2
    # via streamlit
types-requests==2.32.0.20241016
    # via substring-word-finder
typing-extensions==4.12.2
    # via altair
    # via mypy
    # via streamlit
tzdata==2024.2
    # via pandas
urllib3==2.2.3
    # via requests
    # via types-requests
watchdog==6.0.0
    # via streamlit
